
Microsoft Visual Studio Solution File, Format Version 12.00
# Visual Studio Version 16
VisualStudioVersion = 16.0.31129.286
MinimumVisualStudioVersion = 10.0.40219.1
Project("{FAE04EC0-301F-11D3-BF4B-00C04F79EFBC}") = "TH2_vd1", "TH2_vd1\TH2_vd1.csproj", "{2489C015-A659-4B25-AE3A-008D10AAF5D9}"
EndProject
Global
	GlobalSection(SolutionConfigurationPlatforms) = preSolution
		Debug|Any CPU = Debug|Any CPU
		Release|Any CPU = Release|Any CPU
	EndGlobalSection
	GlobalSection(ProjectConfigurationPlatforms) = postSolution
		{2489C015-A659-4B25-AE3A-008D10AAF5D9}.Debug|Any CPU.ActiveCfg = Debug|Any CPU
		{2489C015-A659-4B25-AE3A-008D10AAF5D9}.Debug|Any CPU.Build.0 = Debug|Any CPU
		{2489C015-A659-4B25-AE3A-008D10AAF5D9}.Release|Any CPU.ActiveCfg = Release|Any CPU
		{2489C015-A659-4B25-AE3A-008D10AAF5D9}.Release|Any CPU.Build.0 = Release|Any CPU
	EndGlobalSection
	GlobalSection(SolutionProperties) = preSolution
		HideSolutionNode = FALSE
	EndGlobalSection
	GlobalSection(ExtensibilityGlobals) = postSolution
		SolutionGuid = {500F0B3A-4644-464C-8592-B96E8DBF848B}
	EndGlobalSection
EndGlobal
